// !$*UTF8*$!
{
	archiveVersion = 1;
	classes = {
	};
	objectVersion = 50;
	objects = {

/* Begin PBXBuildFile section */
		59266420262987B500C5E80F /* AppDelegate.swift in Sources */ = {isa = PBXBuildFile; fileRef = 5926641F262987B500C5E80F /* AppDelegate.swift */; };
		59266422262987B500C5E80F /* SceneDelegate.swift in Sources */ = {isa = PBXBuildFile; fileRef = 59266421262987B500C5E80F /* SceneDelegate.swift */; };
		59266424262987B500C5E80F /* ContentView.swift in Sources */ = {isa = PBXBuildFile; fileRef = 59266423262987B500C5E80F /* ContentView.swift */; };
		59266426262987B600C5E80F /* Assets.xcassets in Resources */ = {isa = PBXBuildFile; fileRef = 59266425262987B600C5E80F /* Assets.xcassets */; };
		59266429262987B600C5E80F /* Preview Assets.xcassets in Resources */ = {isa = PBXBuildFile; fileRef = 59266428262987B600C5E80F /* Preview Assets.xcassets */; };
		5926642C262987B600C5E80F /* LaunchScreen.storyboard in Resources */ = {isa = PBXBuildFile; fileRef = 5926642A262987B600C5E80F /* LaunchScreen.storyboard */; };
		59266436262987FC00C5E80F /* BaseWebView.swift in Sources */ = {isa = PBXBuildFile; fileRef = 59266435262987FC00C5E80F /* BaseWebView.swift */; };
/* End PBXBuildFile section */

/* Begin PBXFileReference section */
		5926641C262987B500C5E80F /* WebViewTestable.app */ = {isa = PBXFileReference; explicitFileType = wrapper.application; includeInIndex = 0; path = WebViewTestable.app; sourceTree = BUILT_PRODUCTS_DIR; };
		5926641F262987B500C5E80F /* AppDelegate.swift */ = {isa = PBXFileReference; lastKnownFileType = sourcecode.swift; path = AppDelegate.swift; sourceTree = "<group>"; };
		59266421262987B500C5E80F /* SceneDelegate.swift */ = {isa = PBXFileReference; lastKnownFileType = sourcecode.swift; path = SceneDelegate.swift; sourceTree = "<group>"; };
		59266423262987B500C5E80F /* ContentView.swift */ = {isa = PBXFileReference; lastKnownFileType = sourcecode.swift; path = ContentView.swift; sourceTree = "<group>"; };
		59266425262987B600C5E80F /* Assets.xcassets */ = {isa = PBXFileReference; lastKnownFileType = folder.assetcatalog; path = Assets.xcassets; sourceTree = "<group>"; };
		59266428262987B600C5E80F /* Preview Assets.xcassets */ = {isa = PBXFileReference; lastKnownFileType = folder.assetcatalog; path = "Preview Assets.xcassets"; sourceTree = "<group>"; };
		5926642B262987B600C5E80F /* Base */ = {isa = PBXFileReference; lastKnownFileType = file.storyboard; name = Base; path = Base.lproj/LaunchScreen.storyboard; sourceTree = "<group>"; };
		5926642D262987B600C5E80F /* Info.plist */ = {isa = PBXFileReference; lastKnownFileType = text.plist.xml; path = Info.plist; sourceTree = "<group>"; };
		59266435262987FC00C5E80F /* BaseWebView.swift */ = {isa = PBXFileReference; lastKnownFileType = sourcecode.swift; path = BaseWebView.swift; sourceTree = "<group>"; };
/* End PBXFileReference section */

/* Begin PBXFrameworksBuildPhase section */
		59266419262987B500C5E80F /* Frameworks */ = {
			isa = PBXFrameworksBuildPhase;
			buildActionMask = 2147483647;
			files = (
			);
			runOnlyForDeploymentPostprocessing = 0;
		};
/* End PBXFrameworksBuildPhase section */

/* Begin PBXGroup section */
		59266413262987B500C5E80F = {
			isa = PBXGroup;
			children = (
				5926641E262987B500C5E80F /* WebViewTestable */,
				5926641D262987B500C5E80F /* Products */,
			);
			sourceTree = "<group>";
		};
		5926641D262987B500C5E80F /* Products */ = {
			isa = PBXGroup;
			children = (
				5926641C262987B500C5E80F /* WebViewTestable.app */,
			);
			name = Products;
			sourceTree = "<group>";
		};
		5926641E262987B500C5E80F /* WebViewTestable */ = {
			isa = PBXGroup;
			children = (
				5926641F262987B500C5E80F /* AppDelegate.swift */,
				59266421262987B500C5E80F /* SceneDelegate.swift */,
				59266423262987B500C5E80F /* ContentView.swift */,
				59266425262987B600C5E80F /* Assets.xcassets */,
				5926642A262987B600C5E80F /* LaunchScreen.storyboard */,
				5926642D262987B600C5E80F /* Info.plist */,
				59266427262987B600C5E80F /* Preview Content */,
				59266435262987FC00C5E80F /* BaseWebView.swift */,
			);
			path = WebViewTestable;
			sourceTree = "<group>";
		};
		59266427262987B600C5E80F /* Preview Content */ = {
			isa = PBXGroup;
			children = (
				59266428262987B600C5E80F /* Preview Assets.xcassets */,
			);
			path = "Preview Content";
			sourceTree = "<group>";
		};
/* End PBXGroup section */

/* Begin PBXNativeTarget section */
		5926641B262987B500C5E80F /* WebViewTestable */ = {
			isa = PBXNativeTarget;
			buildConfigurationList = 59266430262987B600C5E80F /* Build configuration list for PBXNativeTarget "WebViewTestable" */;
			buildPhases = (
				59266418262987B500C5E80F /* Sources */,
				59266419262987B500C5E80F /* Frameworks */,
				5926641A262987B500C5E80F /* Resources */,
			);
			buildRules = (
			);
			dependencies = (
			);
			name = WebViewTestable;
			productName = WebViewTestable;
			productReference = 5926641C262987B500C5E80F /* WebViewTestable.app */;
			productType = "com.apple.product-type.application";
		};
/* End PBXNativeTarget section */

/* Begin PBXProject section */
		59266414262987B500C5E80F /* Project object */ = {
			isa = PBXProject;
			attributes = {
				LastSwiftUpdateCheck = 1240;
				LastUpgradeCheck = 1240;
				TargetAttributes = {
					5926641B262987B500C5E80F = {
						CreatedOnToolsVersion = 12.4;
					};
				};
			};
			buildConfigurationList = 59266417262987B500C5E80F /* Build configuration list for PBXProject "WebViewTestable" */;
			compatibilityVersion = "Xcode 9.3";
			developmentRegion = en;
			hasScannedForEncodings = 0;
			knownRegions = (
				en,
				Base,
			);
			mainGroup = 59266413262987B500C5E80F;
			productRefGroup = 5926641D262987B500C5E80F /* Products */;
			projectDirPath = "";
			projectRoot = "";
			targets = (
				5926641B262987B500C5E80F /* WebViewTestable */,
			);
		};
/* End PBXProject section */

/* Begin PBXResourcesBuildPhase section */
		5926641A262987B500C5E80F /* Resources */ = {
			isa = PBXResourcesBuildPhase;
			buildActionMask = 2147483647;
			files = (
				5926642C262987B600C5E80F /* LaunchScreen.storyboard in Resources */,
				59266429262987B600C5E80F /* Preview Assets.xcassets in Resources */,
				59266426262987B600C5E80F /* Assets.xcassets in Resources */,
			);
			runOnlyForDeploymentPostprocessing = 0;
		};
/* End PBXResourcesBuildPhase section */

/* Begin PBXSourcesBuildPhase section */
		59266418262987B500C5E80F /* Sources */ = {
			isa = PBXSourcesBuildPhase;
			buildActionMask = 2147483647;
			files = (
				59266436262987FC00C5E80F /* BaseWebView.swift in Sources */,
				59266420262987B500C5E80F /* AppDelegate.swift in Sources */,
				59266422262987B500C5E80F /* SceneDelegate.swift in Sources */,
				59266424262987B500C5E80F /* ContentView.swift in Sources */,
			);
			runOnlyForDeploymentPostprocessing = 0;
		};
/* End PBXSourcesBuildPhase section */

/* Begin PBXVariantGroup section */
		5926642A262987B600C5E80F /* LaunchScreen.storyboard */ = {
			isa = PBXVariantGroup;
			children = (
				5926642B262987B600C5E80F /* Base */,
			);
			name = LaunchScreen.storyboard;
			sourceTree = "<group>";
		};
/* End PBXVariantGroup section */

/* Begin XCBuildConfiguration section */
		5926642E262987B600C5E80F /* Debug */ = {
			isa = XCBuildConfiguration;
			buildSettings = {
				ALWAYS_SEARCH_USER_PATHS = NO;
				CLANG_ANALYZER_NONNULL = YES;
				CLANG_ANALYZER_NUMBER_OBJECT_CONVERSION = YES_AGGRESSIVE;
				CLANG_CXX_LANGUAGE_STANDARD = "gnu++14";
				CLANG_CXX_LIBRARY = "libc++";
				CLANG_ENABLE_MODULES = YES;
				CLANG_ENABLE_OBJC_ARC = YES;
				CLANG_ENABLE_OBJC_WEAK = YES;
				CLANG_WARN_BLOCK_CAPTURE_AUTORELEASING = YES;
				CLANG_WARN_BOOL_CONVERSION = YES;
				CLANG_WARN_COMMA = YES;
				CLANG_WARN_CONSTANT_CONVERSION = YES;
				CLANG_WARN_DEPRECATED_OBJC_IMPLEMENTATIONS = YES;
				CLANG_WARN_DIRECT_OBJC_ISA_USAGE = YES_ERROR;
				CLANG_WARN_DOCUMENTATION_COMMENTS = YES;
				CLANG_WARN_EMPTY_BODY = YES;
				CLANG_WARN_ENUM_CONVERSION = YES;
				CLANG_WARN_INFINITE_RECURSION = YES;
				CLANG_WARN_INT_CONVERSION = YES;
				CLANG_WARN_NON_LITERAL_NULL_CONVERSION = YES;
				CLANG_WARN_OBJC_IMPLICIT_RETAIN_SELF = YES;
				CLANG_WARN_OBJC_LITERAL_CONVERSION = YES;
				CLANG_WARN_OBJC_ROOT_CLASS = YES_ERROR;
				CLANG_WARN_QUOTED_INCLUDE_IN_FRAMEWORK_HEADER = YES;
				CLANG_WARN_RANGE_LOOP_ANALYSIS = YES;
				CLANG_WARN_STRICT_PROTOTYPES = YES;
				CLANG_WARN_SUSPICIOUS_MOVE = YES;
				CLANG_WARN_UNGUARDED_AVAILABILITY = YES_AGGRESSIVE;
				CLANG_WARN_UNREACHABLE_CODE = YES;
				CLANG_WARN__DUPLICATE_METHOD_MATCH = YES;
				COPY_PHASE_STRIP = NO;
				DEBUG_INFORMATION_FORMAT = dwarf;
				ENABLE_STRICT_OBJC_MSGSEND = YES;
				ENABLE_TESTABILITY = YES;
				GCC_C_LANGUAGE_STANDARD = gnu11;
				GCC_DYNAMIC_NO_PIC = NO;
				GCC_NO_COMMON_BLOCKS = YES;
				GCC_OPTIMIZATION_LEVEL = 0;
				GCC_PREPROCESSOR_DEFINITIONS = (
					"DEBUG=1",
					"$(inherited)",
				);
				GCC_WARN_64_TO_32_BIT_CONVERSION = YES;
				GCC_WARN_ABOUT_RETURN_TYPE = YES_ERROR;
				GCC_WARN_UNDECLARED_SELECTOR = YES;
				GCC_WARN_UNINITIALIZED_AUTOS = YES_AGGRESSIVE;
				GCC_WARN_UNUSED_FUNCTION = YES;
				GCC_WARN_UNUSED_VARIABLE = YES;
				IPHONEOS_DEPLOYMENT_TARGET = 14.4;
				MTL_ENABLE_DEBUG_INFO = INCLUDE_SOURCE;
				MTL_FAST_MATH = YES;
				ONLY_ACTIVE_ARCH = YES;
				SDKROOT = iphoneos;
				SWIFT_ACTIVE_COMPILATION_CONDITIONS = DEBUG;
				SWIFT_OPTIMIZATION_LEVEL = "-Onone";
			};
			name = Debug;
		};
		5926642F262987B600C5E80F /* Release */ = {
			isa = XCBuildConfiguration;
			buildSettings = {
				ALWAYS_SEARCH_USER_PATHS = NO;
				CLANG_ANALYZER_NONNULL = YES;
				CLANG_ANALYZER_NUMBER_OBJECT_CONVERSION = YES_AGGRESSIVE;
				CLANG_CXX_LANGUAGE_STANDARD = "gnu++14";
				CLANG_CXX_LIBRARY = "libc++";
				CLANG_ENABLE_MODULES = YES;
				CLANG_ENABLE_OBJC_ARC = YES;
				CLANG_ENABLE_OBJC_WEAK = YES;
				CLANG_WARN_BLOCK_CAPTURE_AUTORELEASING = YES;
				CLANG_WARN_BOOL_CONVERSION = YES;
				CLANG_WARN_COMMA = YES;
				CLANG_WARN_CONSTANT_CONVERSION = YES;
				CLANG_WARN_DEPRECATED_OBJC_IMPLEMENTATIONS = YES;
				CLANG_WARN_DIRECT_OBJC_ISA_USAGE = YES_ERROR;
				CLANG_WARN_DOCUMENTATION_COMMENTS = YES;
				CLANG_WARN_EMPTY_BODY = YES;
				CLANG_WARN_ENUM_CONVERSION = YES;
				CLANG_WARN_INFINITE_RECURSION = YES;
				CLANG_WARN_INT_CONVERSION = YES;
				CLANG_WARN_NON_LITERAL_NULL_CONVERSION = YES;
				CLANG_WARN_OBJC_IMPLICIT_RETAIN_SELF = YES;
				CLANG_WARN_OBJC_LITERAL_CONVERSION = YES;
				CLANG_WARN_OBJC_ROOT_CLASS = YES_ERROR;
				CLANG_WARN_QUOTED_INCLUDE_IN_FRAMEWORK_HEADER = YES;
				CLANG_WARN_RANGE_LOOP_ANALYSIS = YES;
				CLANG_WARN_STRICT_PROTOTYPES = YES;
				CLANG_WARN_SUSPICIOUS_MOVE = YES;
				CLANG_WARN_UNGUARDED_AVAILABILITY = YES_AGGRESSIVE;
				CLANG_WARN_UNREACHABLE_CODE = YES;
				CLANG_WARN__DUPLICATE_METHOD_MATCH = YES;
				COPY_PHASE_STRIP = NO;
				DEBUG_INFORMATION_FORMAT = "dwarf-with-dsym";
				ENABLE_NS_ASSERTIONS = NO;
				ENABLE_STRICT_OBJC_MSGSEND = YES;
				GCC_C_LANGUAGE_STANDARD = gnu11;
				GCC_NO_COMMON_BLOCKS = YES;
				GCC_WARN_64_TO_32_BIT_CONVERSION = YES;
				GCC_WARN_ABOUT_RETURN_TYPE = YES_ERROR;
				GCC_WARN_UNDECLARED_SELECTOR = YES;
				GCC_WARN_UNINITIALIZED_AUTOS = YES_AGGRESSIVE;
				GCC_WARN_UNUSED_FUNCTION = YES;
				GCC_WARN_UNUSED_VARIABLE = YES;
				IPHONEOS_DEPLOYMENT_TARGET = 14.4;
				MTL_ENABLE_DEBUG_INFO = NO;
				MTL_FAST_MATH = YES;
				SDKROOT = iphoneos;
				SWIFT_COMPILATION_MODE = wholemodule;
				SWIFT_OPTIMIZATION_LEVEL = "-O";
				VALIDATE_PRODUCT = YES;
			};
			name = Release;
		};
		59266431262987B600C5E80F /* Debug */ = {
			isa = XCBuildConfiguration;
			buildSettings = {
				ASSETCATALOG_COMPILER_APPICON_NAME = AppIcon;
				ASSETCATALOG_COMPILER_GLOBAL_ACCENT_COLOR_NAME = AccentColor;
				CODE_SIGN_STYLE = Automatic;
				DEVELOPMENT_ASSET_PATHS = "\"WebViewTestable/Preview Content\"";
				DEVELOPMENT_TEAM = UNVQ33RRMX;
				ENABLE_PREVIEWS = YES;
				INFOPLIST_FILE = WebViewTestable/Info.plist;
				LD_RUNPATH_SEARCH_PATHS = (
					"$(inherited)",
					"@executable_path/Frameworks",
				);
				PRODUCT_BUNDLE_IDENTIFIER = co.riiid.santa.WebViewTestable;
				PRODUCT_NAME = "$(TARGET_NAME)";
				SWIFT_VERSION = 5.0;
				TARGETED_DEVICE_FAMILY = "1,2";
			};
			name = Debug;
		};
		59266432262987B600C5E80F /* Release */ = {
			isa = XCBuildConfiguration;
			buildSettings = {
				ASSETCATALOG_COMPILER_APPICON_NAME = AppIcon;
				ASSETCATALOG_COMPILER_GLOBAL_ACCENT_COLOR_NAME = AccentColor;
				CODE_SIGN_STYLE = Automatic;
				DEVELOPMENT_ASSET_PATHS = "\"WebViewTestable/Preview Content\"";
				DEVELOPMENT_TEAM = UNVQ33RRMX;
				ENABLE_PREVIEWS = YES;
				INFOPLIST_FILE = WebViewTestable/Info.plist;
				LD_RUNPATH_SEARCH_PATHS = (
					"$(inherited)",
					"@executable_path/Frameworks",
				);
				PRODUCT_BUNDLE_IDENTIFIER = co.riiid.santa.WebViewTestable;
				PRODUCT_NAME = "$(TARGET_NAME)";
				SWIFT_VERSION = 5.0;
				TARGETED_DEVICE_FAMILY = "1,2";
			};
			name = Release;
		};
/* End XCBuildConfiguration section */

/* Begin XCConfigurationList section */
		59266417262987B500C5E80F /* Build configuration list for PBXProject "WebViewTestable" */ = {
			isa = XCConfigurationList;
			buildConfigurations = (
				5926642E262987B600C5E80F /* Debug */,
				5926642F262987B600C5E80F /* Release */,
			);
			defaultConfigurationIsVisible = 0;
			defaultConfigurationName = Release;
		};
		59266430262987B600C5E80F /* Build configuration list for PBXNativeTarget "WebViewTestable" */ = {
			isa = XCConfigurationList;
			buildConfigurations = (
				59266431262987B600C5E80F /* Debug */,
				59266432262987B600C5E80F /* Release */,
			);
			defaultConfigurationIsVisible = 0;
			defaultConfigurationName = Release;
		};
/* End XCConfigurationList section */
	};
	rootObject = 59266414262987B500C5E80F /* Project object */;
}
